#MicroXplorer Configuration settings - do not modify
File.Version=5
KeepUserPlacement=false
Mcu.Family=STM32F1
Mcu.IP0=NVIC
Mcu.IP1=RCC
Mcu.IP2=USART1
Mcu.IPNb=3
Mcu.Name=STM32F103C(8-B)Tx
Mcu.Package=LQFP48
Mcu.Pin0=PA9
Mcu.Pin1=PA10
Mcu.PinsNb=2
Mcu.UserConstants=
Mcu.UserName=STM32F103C8Tx
MxCube.Version=4.9.0
MxDb.Version=DB.4.0.90
NVIC.PriorityGroup=NVIC_PRIORITYGROUP_4
NVIC.SysTick_IRQn=true\:0\:0\:false
NVIC.USART1_IRQn=true\:0\:0\:false
PA10.Locked=true
PA10.Signal=USART1_RX
PA9.Locked=true
PA9.Mode=Half_duplex(single_wire_mode)
PA9.Signal=USART1_TX
PCC.Checker=false
PCC.Line=STM32F103
PCC.MCU=STM32F103C(8-B)Tx
PCC.MXVersion=4.9.0
PCC.PartNumber=STM32F103C8Tx
PCC.Seq0=0
PCC.Series=STM32F1
PCC.Temperature=25
PCC.Vdd=3.3
ProjectManager.AskForMigrate=true
ProjectManager.BackupPrevious=false
ProjectManager.CompilerOptimize=2
ProjectManager.ComputerToolchain=false
ProjectManager.CoupleFile=false
ProjectManager.DeletePrevious=true
ProjectManager.DeviceId=STM32F103C8Tx
ProjectManager.FirmwarePackage=STM32Cube FW_F1 V1.1.0
ProjectManager.FreePins=false
ProjectManager.HalAssertFull=false
ProjectManager.KeepUserCode=true
ProjectManager.LastFirmware=true
ProjectManager.LibraryCopy=0
ProjectManager.ProjectBuild=false
ProjectManager.ProjectFileName=Lab4_BootLoader.ioc
ProjectManager.ProjectName=Lab4_BootLoader
ProjectManager.TargetToolchain=MDK-ARM V5
ProjectManager.ToolChainLocation=
RCC.ADCFreqValue=32000000
RCC.AHBFreq_Value=64000000
RCC.APB1CLKDivider=RCC_HCLK_DIV2
RCC.APB1Freq_Value=32000000
RCC.APB1TimFreq_Value=64000000
RCC.APB2Freq_Value=64000000
RCC.APB2TimFreq_Value=64000000
RCC.FCLKCortexFreq_Value=64000000
RCC.FamilyName=M
RCC.HCLKFreq_Value=64000000
RCC.IPParameters=FamilyName,PLLCLKFreq_Value,PLLMCOFreq_Value,TimSysFreq_Value,APB1Freq_Value,APB2Freq_Value,SYSCLKSource,USBFreq_Value,HCLKFreq_Value,AHBFreq_Value,FCLKCortexFreq_Value,APB1TimFreq_Value,APB2TimFreq_Value,ADCFreqValue,MCOFreq_Value,SYSCLKFreq_VALUE,PLLMUL,APB1CLKDivider
RCC.MCOFreq_Value=64000000
RCC.PLLCLKFreq_Value=64000000
RCC.PLLMCOFreq_Value=32000000
RCC.PLLMUL=RCC_PLL_MUL16
RCC.SYSCLKFreq_VALUE=64000000
RCC.SYSCLKSource=RCC_SYSCLKSOURCE_PLLCLK
RCC.TimSysFreq_Value=64000000
RCC.USBFreq_Value=64000000
USART1.BaudRate=115200
USART1.IPParameters=BaudRate
board=Lab4_BootLoader
